
Microsoft Visual Studio Solution File, Format Version 12.00
# Visual Studio Version 17
VisualStudioVersion = 17.2.32516.85
MinimumVisualStudioVersion = 10.0.40219.1
Project("{FAE04EC0-301F-11D3-BF4B-00C04F79EFBC}") = "JWT_API", "JWT-API\JWT_API.csproj", "{BECCC626-B86A-4CED-BC83-4E9F8BCDFC71}"
EndProject
Global
	GlobalSection(SolutionConfigurationPlatforms) = preSolution
		Debug|Any CPU = Debug|Any CPU
		Release|Any CPU = Release|Any CPU
	EndGlobalSection
	GlobalSection(ProjectConfigurationPlatforms) = postSolution
		{BECCC626-B86A-4CED-BC83-4E9F8BCDFC71}.Debug|Any CPU.ActiveCfg = Debug|Any CPU
		{BECCC626-B86A-4CED-BC83-4E9F8BCDFC71}.Debug|Any CPU.Build.0 = Debug|Any CPU
		{BECCC626-B86A-4CED-BC83-4E9F8BCDFC71}.Release|Any CPU.ActiveCfg = Release|Any CPU
		{BECCC626-B86A-4CED-BC83-4E9F8BCDFC71}.Release|Any CPU.Build.0 = Release|Any CPU
	EndGlobalSection
	GlobalSection(SolutionProperties) = preSolution
		HideSolutionNode = FALSE
	EndGlobalSection
	GlobalSection(ExtensibilityGlobals) = postSolution
		SolutionGuid = {0C4B880D-5C16-417E-8F8B-3B0E73FC82EF}
	EndGlobalSection
EndGlobal
